PODS:
  - CalendarRangeView (1.1):
    - RxCocoa
    - RxSwift
    - SnapKit
  - RxCocoa (6.5.0):
    - RxRelay (= 6.5.0)
    - RxSwift (= 6.5.0)
  - RxRelay (6.5.0):
    - RxSwift (= 6.5.0)
  - RxSwift (6.5.0)
  - SnapKit (5.6.0)

DEPENDENCIES:
  - CalendarRangeView (from `../`)
  - SnapKit

SPEC REPOS:
  trunk:
    - RxCocoa
    - RxRelay
    - RxSwift
    - SnapKit

EXTERNAL SOURCES:
  CalendarRangeView:
    :path: "../"

SPEC CHECKSUMS:
  CalendarRangeView: 527ea24111477ba9a2539abadf5ec8184b1d6b64
  RxCocoa: 94f817b71c07517321eb4f9ad299112ca8af743b
  RxRelay: 1de1523e604c72b6c68feadedd1af3b1b4d0ecbd
  RxSwift: 5710a9e6b17f3c3d6e40d6e559b9fa1e813b2ef8
  SnapKit: e01d52ebb8ddbc333eefe2132acf85c8227d9c25

PODFILE CHECKSUM: ee31dbedfdaf53e245973a91b098b32dc258f740

COCOAPODS: 1.10.1
