PODS:
  - CalendarRangeView (1.0):
    - SnapKit
  - SnapKit (5.6.0)

DEPENDENCIES:
  - CalendarRangeView (from `../`)
  - SnapKit

SPEC REPOS:
  trunk:
    - SnapKit

EXTERNAL SOURCES:
  CalendarRangeView:
    :path: "../"

SPEC CHECKSUMS:
  CalendarRangeView: be7b359527887a87c3a5ae379c8a86b46bb17658
  SnapKit: e01d52ebb8ddbc333eefe2132acf85c8227d9c25

PODFILE CHECKSUM: ee31dbedfdaf53e245973a91b098b32dc258f740

COCOAPODS: 1.10.1
