PODS:
  - CalendarRangeView (0.1.0)
  - SnapKit (5.6.0)

DEPENDENCIES:
  - CalendarRangeView (from `../`)
  - SnapKit

SPEC REPOS:
  trunk:
    - SnapKit

EXTERNAL SOURCES:
  CalendarRangeView:
    :path: "../"

SPEC CHECKSUMS:
  CalendarRangeView: 7f40e80dc829f88999f28e7c3d00364d8089f4c5
  SnapKit: e01d52ebb8ddbc333eefe2132acf85c8227d9c25

PODFILE CHECKSUM: 7426c3b2a9136203e6f303455b85d969f379c33b

COCOAPODS: 1.10.1
